
Microsoft Visual Studio Solution File, Format Version 12.00
# Visual Studio Version 17
VisualStudioVersion = 17.0.32014.148
MinimumVisualStudioVersion = 10.0.40219.1
Project("{FAE04EC0-301F-11D3-BF4B-00C04F79EFBC}") = "NetworkInterfaceTestProject", "NetworkInterfaceTestProject\NetworkInterfaceTestProject.csproj", "{50645DBC-4771-4FED-9430-27B63DD77BD3}"
EndProject
Global
	GlobalSection(SolutionConfigurationPlatforms) = preSolution
		Debug|Any CPU = Debug|Any CPU
		Release|Any CPU = Release|Any CPU
	EndGlobalSection
	GlobalSection(ProjectConfigurationPlatforms) = postSolution
		{50645DBC-4771-4FED-9430-27B63DD77BD3}.Debug|Any CPU.ActiveCfg = Debug|Any CPU
		{50645DBC-4771-4FED-9430-27B63DD77BD3}.Debug|Any CPU.Build.0 = Debug|Any CPU
		{50645DBC-4771-4FED-9430-27B63DD77BD3}.Release|Any CPU.ActiveCfg = Release|Any CPU
		{50645DBC-4771-4FED-9430-27B63DD77BD3}.Release|Any CPU.Build.0 = Release|Any CPU
	EndGlobalSection
	GlobalSection(SolutionProperties) = preSolution
		HideSolutionNode = FALSE
	EndGlobalSection
	GlobalSection(ExtensibilityGlobals) = postSolution
		SolutionGuid = {700AD65A-D809-4488-9B78-B0754E362B98}
	EndGlobalSection
EndGlobal
